
Microsoft Visual Studio Solution File, Format Version 12.00
# Visual Studio Version 17
VisualStudioVersion = 17.7.34024.191
MinimumVisualStudioVersion = 10.0.40219.1
Project("{13B669BE-BB05-4DDF-9536-439F39A36129}") = "Basics", "Basics.phpproj", "{57EF5085-04BC-473F-A24A-47519C0DB5CD}"
EndProject
Global
	GlobalSection(SolutionConfigurationPlatforms) = preSolution
		Debug|Any CPU = Debug|Any CPU
		Release|Any CPU = Release|Any CPU
	EndGlobalSection
	GlobalSection(ProjectConfigurationPlatforms) = postSolution
		{57EF5085-04BC-473F-A24A-47519C0DB5CD}.Debug|Any CPU.ActiveCfg = Debug|Any CPU
		{57EF5085-04BC-473F-A24A-47519C0DB5CD}.Debug|Any CPU.Build.0 = Debug|Any CPU
		{57EF5085-04BC-473F-A24A-47519C0DB5CD}.Release|Any CPU.ActiveCfg = Release|Any CPU
		{57EF5085-04BC-473F-A24A-47519C0DB5CD}.Release|Any CPU.Build.0 = Release|Any CPU
	EndGlobalSection
	GlobalSection(SolutionProperties) = preSolution
		HideSolutionNode = FALSE
	EndGlobalSection
	GlobalSection(ExtensibilityGlobals) = postSolution
		SolutionGuid = {839E12AD-AE60-4701-BB1E-875D33423634}
	EndGlobalSection
EndGlobal
